{
  "object": {
    "pins": [
      {
        "package": "Napoli",
        "repositoryURL": "https://github.com/tera-ny/Napoli.git",
        "state": {
          "branch": null,
          "revision": "d988ecd4fe13ff3dec16e45af172a2c6343b7324",
          "version": "0.0.1"
        }
      }
    ]
  },
  "version": 1
}
